{
  "lockfileVersion": 1,
  "dependencies": {
    "@angular/cdk": {
      "version": "2.0.0-beta.8",
      "resolved": "http://registry.npm.taobao.org/@angular/cdk/download/@angular/cdk-2.0.0-beta.8.tgz",
      "integrity": "sha1-cZYchR376xngheiYv15EYUCPi1c="
    },
    "@angular/material": {
      "version": "2.0.0-beta.8",
      "resolved": "http://registry.npm.taobao.org/@angular/material/download/@angular/material-2.0.0-beta.8.tgz",
      "integrity": "sha1-qShSq8kmGuomwkAfV2ZFRwvizzg="
    },
    "tslib": {
      "version": "1.7.1",
      "resolved": "http://registry.npm.taobao.org/tslib/download/tslib-1.7.1.tgz",
      "integrity": "sha1-vIAEFkaRkjp5/oN4u+s9ogF1OOw="
    }
  }
}
